
Microsoft Visual Studio Solution File, Format Version 12.00
# Visual Studio Version 16
VisualStudioVersion = 16.0.30907.101
MinimumVisualStudioVersion = 10.0.40219.1
Project("{FAE04EC0-301F-11D3-BF4B-00C04F79EFBC}") = "AplZaPracenjeFakultetskeNastave", "AplZaPracenjeFakultetskeNastave\AplZaPracenjeFakultetskeNastave.csproj", "{67649240-20DE-4BD0-9253-F44695EDCCD1}"
EndProject
Global
	GlobalSection(SolutionConfigurationPlatforms) = preSolution
		Debug|Any CPU = Debug|Any CPU
		Release|Any CPU = Release|Any CPU
	EndGlobalSection
	GlobalSection(ProjectConfigurationPlatforms) = postSolution
		{67649240-20DE-4BD0-9253-F44695EDCCD1}.Debug|Any CPU.ActiveCfg = Debug|Any CPU
		{67649240-20DE-4BD0-9253-F44695EDCCD1}.Debug|Any CPU.Build.0 = Debug|Any CPU
		{67649240-20DE-4BD0-9253-F44695EDCCD1}.Release|Any CPU.ActiveCfg = Release|Any CPU
		{67649240-20DE-4BD0-9253-F44695EDCCD1}.Release|Any CPU.Build.0 = Release|Any CPU
	EndGlobalSection
	GlobalSection(SolutionProperties) = preSolution
		HideSolutionNode = FALSE
	EndGlobalSection
	GlobalSection(ExtensibilityGlobals) = postSolution
		SolutionGuid = {A774B4BF-5711-464C-9D0D-230586C4AD58}
	EndGlobalSection
EndGlobal
